// !$*UTF8*$!
{
	archiveVersion = 1;
	classes = {
	};
	objectVersion = 46;
	objects = {

/* Begin PBXBuildFile section */
		4D11BE9B1AF3C05600469B7B /* AppDelegate.swift in Sources */ = {isa = PBXBuildFile; fileRef = 4D11BE9A1AF3C05600469B7B /* AppDelegate.swift */; };
		4D11BE9D1AF3C05600469B7B /* Images.xcassets in Resources */ = {isa = PBXBuildFile; fileRef = 4D11BE9C1AF3C05600469B7B /* Images.xcassets */; };
		4D11BEA01AF3C05600469B7B /* MainMenu.xib in Resources */ = {isa = PBXBuildFile; fileRef = 4D11BE9E1AF3C05600469B7B /* MainMenu.xib */; };
		4D11BEAC1AF3C05600469B7B /* ConfigurerTests.swift in Sources */ = {isa = PBXBuildFile; fileRef = 4D11BEAB1AF3C05600469B7B /* ConfigurerTests.swift */; };
		4D11BEB61AF5030400469B7B /* SVApplication.swift in Sources */ = {isa = PBXBuildFile; fileRef = 4D11BEB51AF5030400469B7B /* SVApplication.swift */; };
		4D11BEBE1AF529E800469B7B /* SVAXValueExtension.swift in Sources */ = {isa = PBXBuildFile; fileRef = 4D11BEBD1AF529E800469B7B /* SVAXValueExtension.swift */; };
		4D11BEC01AF52CCA00469B7B /* SVWindow.swift in Sources */ = {isa = PBXBuildFile; fileRef = 4D11BEBF1AF52CCA00469B7B /* SVWindow.swift */; };
		4D11BEC21AF52D0D00469B7B /* SVAXUIElementExtension.swift in Sources */ = {isa = PBXBuildFile; fileRef = 4D11BEC11AF52D0D00469B7B /* SVAXUIElementExtension.swift */; };
		4D11BEC41AF535F700469B7B /* SVScreen.swift in Sources */ = {isa = PBXBuildFile; fileRef = 4D11BEC31AF535F700469B7B /* SVScreen.swift */; };
		4D864BBE1AF64A2900567588 /* SVRootViewController.swift in Sources */ = {isa = PBXBuildFile; fileRef = 4D864BBD1AF64A2900567588 /* SVRootViewController.swift */; };
		4D864BC01AF6578B00567588 /* SVApplicationsManager.swift in Sources */ = {isa = PBXBuildFile; fileRef = 4D864BBF1AF6578B00567588 /* SVApplicationsManager.swift */; };
		4D864BCE1AF687D500567588 /* SVApplicationsConfiguration.swift in Sources */ = {isa = PBXBuildFile; fileRef = 4D864BCD1AF687D500567588 /* SVApplicationsConfiguration.swift */; };
/* End PBXBuildFile section */

/* Begin PBXContainerItemProxy section */
		4D11BEA61AF3C05600469B7B /* PBXContainerItemProxy */ = {
			isa = PBXContainerItemProxy;
			containerPortal = 4D11BE8D1AF3C05600469B7B /* Project object */;
			proxyType = 1;
			remoteGlobalIDString = 4D11BE941AF3C05600469B7B;
			remoteInfo = Configurer;
		};
/* End PBXContainerItemProxy section */

/* Begin PBXFileReference section */
		4D11BE951AF3C05600469B7B /* Configurer.app */ = {isa = PBXFileReference; explicitFileType = wrapper.application; includeInIndex = 0; path = Configurer.app; sourceTree = BUILT_PRODUCTS_DIR; };
		4D11BE991AF3C05600469B7B /* Info.plist */ = {isa = PBXFileReference; lastKnownFileType = text.plist.xml; path = Info.plist; sourceTree = "<group>"; };
		4D11BE9A1AF3C05600469B7B /* AppDelegate.swift */ = {isa = PBXFileReference; lastKnownFileType = sourcecode.swift; path = AppDelegate.swift; sourceTree = "<group>"; };
		4D11BE9C1AF3C05600469B7B /* Images.xcassets */ = {isa = PBXFileReference; lastKnownFileType = folder.assetcatalog; path = Images.xcassets; sourceTree = "<group>"; };
		4D11BE9F1AF3C05600469B7B /* Base */ = {isa = PBXFileReference; lastKnownFileType = file.xib; name = Base; path = Base.lproj/MainMenu.xib; sourceTree = "<group>"; };
		4D11BEA51AF3C05600469B7B /* ConfigurerTests.xctest */ = {isa = PBXFileReference; explicitFileType = wrapper.cfbundle; includeInIndex = 0; path = ConfigurerTests.xctest; sourceTree = BUILT_PRODUCTS_DIR; };
		4D11BEAA1AF3C05600469B7B /* Info.plist */ = {isa = PBXFileReference; lastKnownFileType = text.plist.xml; path = Info.plist; sourceTree = "<group>"; };
		4D11BEAB1AF3C05600469B7B /* ConfigurerTests.swift */ = {isa = PBXFileReference; lastKnownFileType = sourcecode.swift; path = ConfigurerTests.swift; sourceTree = "<group>"; };
		4D11BEB51AF5030400469B7B /* SVApplication.swift */ = {isa = PBXFileReference; fileEncoding = 4; lastKnownFileType = sourcecode.swift; path = SVApplication.swift; sourceTree = "<group>"; };
		4D11BEBD1AF529E800469B7B /* SVAXValueExtension.swift */ = {isa = PBXFileReference; fileEncoding = 4; lastKnownFileType = sourcecode.swift; path = SVAXValueExtension.swift; sourceTree = "<group>"; };
		4D11BEBF1AF52CCA00469B7B /* SVWindow.swift */ = {isa = PBXFileReference; fileEncoding = 4; lastKnownFileType = sourcecode.swift; path = SVWindow.swift; sourceTree = "<group>"; };
		4D11BEC11AF52D0D00469B7B /* SVAXUIElementExtension.swift */ = {isa = PBXFileReference; fileEncoding = 4; lastKnownFileType = sourcecode.swift; path = SVAXUIElementExtension.swift; sourceTree = "<group>"; };
		4D11BEC31AF535F700469B7B /* SVScreen.swift */ = {isa = PBXFileReference; fileEncoding = 4; lastKnownFileType = sourcecode.swift; path = SVScreen.swift; sourceTree = "<group>"; };
		4D864BBD1AF64A2900567588 /* SVRootViewController.swift */ = {isa = PBXFileReference; fileEncoding = 4; lastKnownFileType = sourcecode.swift; path = SVRootViewController.swift; sourceTree = "<group>"; };
		4D864BBF1AF6578B00567588 /* SVApplicationsManager.swift */ = {isa = PBXFileReference; fileEncoding = 4; lastKnownFileType = sourcecode.swift; path = SVApplicationsManager.swift; sourceTree = "<group>"; };
		4D864BCD1AF687D500567588 /* SVApplicationsConfiguration.swift */ = {isa = PBXFileReference; fileEncoding = 4; lastKnownFileType = sourcecode.swift; path = SVApplicationsConfiguration.swift; sourceTree = "<group>"; };
/* End PBXFileReference section */

/* Begin PBXFrameworksBuildPhase section */
		4D11BE921AF3C05600469B7B /* Frameworks */ = {
			isa = PBXFrameworksBuildPhase;
			buildActionMask = 2147483647;
			files = (
			);
			runOnlyForDeploymentPostprocessing = 0;
		};
		4D11BEA21AF3C05600469B7B /* Frameworks */ = {
			isa = PBXFrameworksBuildPhase;
			buildActionMask = 2147483647;
			files = (
			);
			runOnlyForDeploymentPostprocessing = 0;
		};
/* End PBXFrameworksBuildPhase section */

/* Begin PBXGroup section */
		4D11BE8C1AF3C05600469B7B = {
			isa = PBXGroup;
			children = (
				4D11BE971AF3C05600469B7B /* Configurer */,
				4D11BEA81AF3C05600469B7B /* ConfigurerTests */,
				4D11BE961AF3C05600469B7B /* Products */,
			);
			sourceTree = "<group>";
		};
		4D11BE961AF3C05600469B7B /* Products */ = {
			isa = PBXGroup;
			children = (
				4D11BE951AF3C05600469B7B /* Configurer.app */,
				4D11BEA51AF3C05600469B7B /* ConfigurerTests.xctest */,
			);
			name = Products;
			sourceTree = "<group>";
		};
		4D11BE971AF3C05600469B7B /* Configurer */ = {
			isa = PBXGroup;
			children = (
				4D11BE9A1AF3C05600469B7B /* AppDelegate.swift */,
				4D11BE9C1AF3C05600469B7B /* Images.xcassets */,
				4D11BE9E1AF3C05600469B7B /* MainMenu.xib */,
				4D11BE981AF3C05600469B7B /* Supporting Files */,
				4D11BEB51AF5030400469B7B /* SVApplication.swift */,
				4D864BBD1AF64A2900567588 /* SVRootViewController.swift */,
				4D864BBF1AF6578B00567588 /* SVApplicationsManager.swift */,
				4D864BCD1AF687D500567588 /* SVApplicationsConfiguration.swift */,
				4D11BEBF1AF52CCA00469B7B /* SVWindow.swift */,
				4D11BEC31AF535F700469B7B /* SVScreen.swift */,
				4D11BEBD1AF529E800469B7B /* SVAXValueExtension.swift */,
				4D11BEC11AF52D0D00469B7B /* SVAXUIElementExtension.swift */,
			);
			path = Configurer;
			sourceTree = "<group>";
		};
		4D11BE981AF3C05600469B7B /* Supporting Files */ = {
			isa = PBXGroup;
			children = (
				4D11BE991AF3C05600469B7B /* Info.plist */,
			);
			name = "Supporting Files";
			sourceTree = "<group>";
		};
		4D11BEA81AF3C05600469B7B /* ConfigurerTests */ = {
			isa = PBXGroup;
			children = (
				4D11BEAB1AF3C05600469B7B /* ConfigurerTests.swift */,
				4D11BEA91AF3C05600469B7B /* Supporting Files */,
			);
			path = ConfigurerTests;
			sourceTree = "<group>";
		};
		4D11BEA91AF3C05600469B7B /* Supporting Files */ = {
			isa = PBXGroup;
			children = (
				4D11BEAA1AF3C05600469B7B /* Info.plist */,
			);
			name = "Supporting Files";
			sourceTree = "<group>";
		};
/* End PBXGroup section */

/* Begin PBXNativeTarget section */
		4D11BE941AF3C05600469B7B /* Configurer */ = {
			isa = PBXNativeTarget;
			buildConfigurationList = 4D11BEAF1AF3C05600469B7B /* Build configuration list for PBXNativeTarget "Configurer" */;
			buildPhases = (
				4D11BE911AF3C05600469B7B /* Sources */,
				4D11BE921AF3C05600469B7B /* Frameworks */,
				4D11BE931AF3C05600469B7B /* Resources */,
			);
			buildRules = (
			);
			dependencies = (
			);
			name = Configurer;
			productName = Configurer;
			productReference = 4D11BE951AF3C05600469B7B /* Configurer.app */;
			productType = "com.apple.product-type.application";
		};
		4D11BEA41AF3C05600469B7B /* ConfigurerTests */ = {
			isa = PBXNativeTarget;
			buildConfigurationList = 4D11BEB21AF3C05600469B7B /* Build configuration list for PBXNativeTarget "ConfigurerTests" */;
			buildPhases = (
				4D11BEA11AF3C05600469B7B /* Sources */,
				4D11BEA21AF3C05600469B7B /* Frameworks */,
				4D11BEA31AF3C05600469B7B /* Resources */,
			);
			buildRules = (
			);
			dependencies = (
				4D11BEA71AF3C05600469B7B /* PBXTargetDependency */,
			);
			name = ConfigurerTests;
			productName = ConfigurerTests;
			productReference = 4D11BEA51AF3C05600469B7B /* ConfigurerTests.xctest */;
			productType = "com.apple.product-type.bundle.unit-test";
		};
/* End PBXNativeTarget section */

/* Begin PBXProject section */
		4D11BE8D1AF3C05600469B7B /* Project object */ = {
			isa = PBXProject;
			attributes = {
				LastUpgradeCheck = 0630;
				ORGANIZATIONNAME = "-";
				TargetAttributes = {
					4D11BE941AF3C05600469B7B = {
						CreatedOnToolsVersion = 6.3.1;
					};
					4D11BEA41AF3C05600469B7B = {
						CreatedOnToolsVersion = 6.3.1;
						TestTargetID = 4D11BE941AF3C05600469B7B;
					};
				};
			};
			buildConfigurationList = 4D11BE901AF3C05600469B7B /* Build configuration list for PBXProject "Configurer" */;
			compatibilityVersion = "Xcode 3.2";
			developmentRegion = English;
			hasScannedForEncodings = 0;
			knownRegions = (
				en,
				Base,
			);
			mainGroup = 4D11BE8C1AF3C05600469B7B;
			productRefGroup = 4D11BE961AF3C05600469B7B /* Products */;
			projectDirPath = "";
			projectRoot = "";
			targets = (
				4D11BE941AF3C05600469B7B /* Configurer */,
				4D11BEA41AF3C05600469B7B /* ConfigurerTests */,
			);
		};
/* End PBXProject section */

/* Begin PBXResourcesBuildPhase section */
		4D11BE931AF3C05600469B7B /* Resources */ = {
			isa = PBXResourcesBuildPhase;
			buildActionMask = 2147483647;
			files = (
				4D11BE9D1AF3C05600469B7B /* Images.xcassets in Resources */,
				4D11BEA01AF3C05600469B7B /* MainMenu.xib in Resources */,
			);
			runOnlyForDeploymentPostprocessing = 0;
		};
		4D11BEA31AF3C05600469B7B /* Resources */ = {
			isa = PBXResourcesBuildPhase;
			buildActionMask = 2147483647;
			files = (
			);
			runOnlyForDeploymentPostprocessing = 0;
		};
/* End PBXResourcesBuildPhase section */

/* Begin PBXSourcesBuildPhase section */
		4D11BE911AF3C05600469B7B /* Sources */ = {
			isa = PBXSourcesBuildPhase;
			buildActionMask = 2147483647;
			files = (
				4D11BEC41AF535F700469B7B /* SVScreen.swift in Sources */,
				4D864BCE1AF687D500567588 /* SVApplicationsConfiguration.swift in Sources */,
				4D864BC01AF6578B00567588 /* SVApplicationsManager.swift in Sources */,
				4D11BEBE1AF529E800469B7B /* SVAXValueExtension.swift in Sources */,
				4D864BBE1AF64A2900567588 /* SVRootViewController.swift in Sources */,
				4D11BEB61AF5030400469B7B /* SVApplication.swift in Sources */,
				4D11BEC01AF52CCA00469B7B /* SVWindow.swift in Sources */,
				4D11BEC21AF52D0D00469B7B /* SVAXUIElementExtension.swift in Sources */,
				4D11BE9B1AF3C05600469B7B /* AppDelegate.swift in Sources */,
			);
			runOnlyForDeploymentPostprocessing = 0;
		};
		4D11BEA11AF3C05600469B7B /* Sources */ = {
			isa = PBXSourcesBuildPhase;
			buildActionMask = 2147483647;
			files = (
				4D11BEAC1AF3C05600469B7B /* ConfigurerTests.swift in Sources */,
			);
			runOnlyForDeploymentPostprocessing = 0;
		};
/* End PBXSourcesBuildPhase section */

/* Begin PBXTargetDependency section */
		4D11BEA71AF3C05600469B7B /* PBXTargetDependency */ = {
			isa = PBXTargetDependency;
			target = 4D11BE941AF3C05600469B7B /* Configurer */;
			targetProxy = 4D11BEA61AF3C05600469B7B /* PBXContainerItemProxy */;
		};
/* End PBXTargetDependency section */

/* Begin PBXVariantGroup section */
		4D11BE9E1AF3C05600469B7B /* MainMenu.xib */ = {
			isa = PBXVariantGroup;
			children = (
				4D11BE9F1AF3C05600469B7B /* Base */,
			);
			name = MainMenu.xib;
			sourceTree = "<group>";
		};
/* End PBXVariantGroup section */

/* Begin XCBuildConfiguration section */
		4D11BEAD1AF3C05600469B7B /* Debug */ = {
			isa = XCBuildConfiguration;
			buildSettings = {
				ALWAYS_SEARCH_USER_PATHS = NO;
				CLANG_CXX_LANGUAGE_STANDARD = "gnu++0x";
				CLANG_CXX_LIBRARY = "libc++";
				CLANG_ENABLE_MODULES = YES;
				CLANG_ENABLE_OBJC_ARC = YES;
				CLANG_WARN_BOOL_CONVERSION = YES;
				CLANG_WARN_CONSTANT_CONVERSION = YES;
				CLANG_WARN_DIRECT_OBJC_ISA_USAGE = YES_ERROR;
				CLANG_WARN_EMPTY_BODY = YES;
				CLANG_WARN_ENUM_CONVERSION = YES;
				CLANG_WARN_INT_CONVERSION = YES;
				CLANG_WARN_OBJC_ROOT_CLASS = YES_ERROR;
				CLANG_WARN_UNREACHABLE_CODE = YES;
				CLANG_WARN__DUPLICATE_METHOD_MATCH = YES;
				CODE_SIGN_IDENTITY = "-";
				COPY_PHASE_STRIP = NO;
				DEBUG_INFORMATION_FORMAT = dwarf;
				ENABLE_STRICT_OBJC_MSGSEND = YES;
				GCC_C_LANGUAGE_STANDARD = gnu99;
				GCC_DYNAMIC_NO_PIC = NO;
				GCC_NO_COMMON_BLOCKS = YES;
				GCC_OPTIMIZATION_LEVEL = 0;
				GCC_PREPROCESSOR_DEFINITIONS = (
					"DEBUG=1",
					"$(inherited)",
				);
				GCC_SYMBOLS_PRIVATE_EXTERN = NO;
				GCC_WARN_64_TO_32_BIT_CONVERSION = YES;
				GCC_WARN_ABOUT_RETURN_TYPE = YES_ERROR;
				GCC_WARN_UNDECLARED_SELECTOR = YES;
				GCC_WARN_UNINITIALIZED_AUTOS = YES_AGGRESSIVE;
				GCC_WARN_UNUSED_FUNCTION = YES;
				GCC_WARN_UNUSED_VARIABLE = YES;
				MACOSX_DEPLOYMENT_TARGET = 10.10;
				MTL_ENABLE_DEBUG_INFO = YES;
				ONLY_ACTIVE_ARCH = YES;
				SDKROOT = macosx;
				SWIFT_OPTIMIZATION_LEVEL = "-Onone";
			};
			name = Debug;
		};
		4D11BEAE1AF3C05600469B7B /* Release */ = {
			isa = XCBuildConfiguration;
			buildSettings = {
				ALWAYS_SEARCH_USER_PATHS = NO;
				CLANG_CXX_LANGUAGE_STANDARD = "gnu++0x";
				CLANG_CXX_LIBRARY = "libc++";
				CLANG_ENABLE_MODULES = YES;
				CLANG_ENABLE_OBJC_ARC = YES;
				CLANG_WARN_BOOL_CONVERSION = YES;
				CLANG_WARN_CONSTANT_CONVERSION = YES;
				CLANG_WARN_DIRECT_OBJC_ISA_USAGE = YES_ERROR;
				CLANG_WARN_EMPTY_BODY = YES;
				CLANG_WARN_ENUM_CONVERSION = YES;
				CLANG_WARN_INT_CONVERSION = YES;
				CLANG_WARN_OBJC_ROOT_CLASS = YES_ERROR;
				CLANG_WARN_UNREACHABLE_CODE = YES;
				CLANG_WARN__DUPLICATE_METHOD_MATCH = YES;
				CODE_SIGN_IDENTITY = "-";
				COPY_PHASE_STRIP = NO;
				DEBUG_INFORMATION_FORMAT = "dwarf-with-dsym";
				ENABLE_NS_ASSERTIONS = NO;
				ENABLE_STRICT_OBJC_MSGSEND = YES;
				GCC_C_LANGUAGE_STANDARD = gnu99;
				GCC_NO_COMMON_BLOCKS = YES;
				GCC_WARN_64_TO_32_BIT_CONVERSION = YES;
				GCC_WARN_ABOUT_RETURN_TYPE = YES_ERROR;
				GCC_WARN_UNDECLARED_SELECTOR = YES;
				GCC_WARN_UNINITIALIZED_AUTOS = YES_AGGRESSIVE;
				GCC_WARN_UNUSED_FUNCTION = YES;
				GCC_WARN_UNUSED_VARIABLE = YES;
				MACOSX_DEPLOYMENT_TARGET = 10.10;
				MTL_ENABLE_DEBUG_INFO = NO;
				SDKROOT = macosx;
			};
			name = Release;
		};
		4D11BEB01AF3C05600469B7B /* Debug */ = {
			isa = XCBuildConfiguration;
			buildSettings = {
				ASSETCATALOG_COMPILER_APPICON_NAME = AppIcon;
				COMBINE_HIDPI_IMAGES = YES;
				INFOPLIST_FILE = Configurer/Info.plist;
				LD_RUNPATH_SEARCH_PATHS = "$(inherited) @executable_path/../Frameworks";
				PRODUCT_NAME = "$(TARGET_NAME)";
			};
			name = Debug;
		};
		4D11BEB11AF3C05600469B7B /* Release */ = {
			isa = XCBuildConfiguration;
			buildSettings = {
				ASSETCATALOG_COMPILER_APPICON_NAME = AppIcon;
				COMBINE_HIDPI_IMAGES = YES;
				INFOPLIST_FILE = Configurer/Info.plist;
				LD_RUNPATH_SEARCH_PATHS = "$(inherited) @executable_path/../Frameworks";
				PRODUCT_NAME = "$(TARGET_NAME)";
			};
			name = Release;
		};
		4D11BEB31AF3C05600469B7B /* Debug */ = {
			isa = XCBuildConfiguration;
			buildSettings = {
				BUNDLE_LOADER = "$(TEST_HOST)";
				COMBINE_HIDPI_IMAGES = YES;
				FRAMEWORK_SEARCH_PATHS = (
					"$(DEVELOPER_FRAMEWORKS_DIR)",
					"$(inherited)",
				);
				GCC_PREPROCESSOR_DEFINITIONS = (
					"DEBUG=1",
					"$(inherited)",
				);
				INFOPLIST_FILE = ConfigurerTests/Info.plist;
				LD_RUNPATH_SEARCH_PATHS = "$(inherited) @executable_path/../Frameworks @loader_path/../Frameworks";
				PRODUCT_NAME = "$(TARGET_NAME)";
				TEST_HOST = "$(BUILT_PRODUCTS_DIR)/Configurer.app/Contents/MacOS/Configurer";
			};
			name = Debug;
		};
		4D11BEB41AF3C05600469B7B /* Release */ = {
			isa = XCBuildConfiguration;
			buildSettings = {
				BUNDLE_LOADER = "$(TEST_HOST)";
				COMBINE_HIDPI_IMAGES = YES;
				FRAMEWORK_SEARCH_PATHS = (
					"$(DEVELOPER_FRAMEWORKS_DIR)",
					"$(inherited)",
				);
				INFOPLIST_FILE = ConfigurerTests/Info.plist;
				LD_RUNPATH_SEARCH_PATHS = "$(inherited) @executable_path/../Frameworks @loader_path/../Frameworks";
				PRODUCT_NAME = "$(TARGET_NAME)";
				TEST_HOST = "$(BUILT_PRODUCTS_DIR)/Configurer.app/Contents/MacOS/Configurer";
			};
			name = Release;
		};
/* End XCBuildConfiguration section */

/* Begin XCConfigurationList section */
		4D11BE901AF3C05600469B7B /* Build configuration list for PBXProject "Configurer" */ = {
			isa = XCConfigurationList;
			buildConfigurations = (
				4D11BEAD1AF3C05600469B7B /* Debug */,
				4D11BEAE1AF3C05600469B7B /* Release */,
			);
			defaultConfigurationIsVisible = 0;
			defaultConfigurationName = Release;
		};
		4D11BEAF1AF3C05600469B7B /* Build configuration list for PBXNativeTarget "Configurer" */ = {
			isa = XCConfigurationList;
			buildConfigurations = (
				4D11BEB01AF3C05600469B7B /* Debug */,
				4D11BEB11AF3C05600469B7B /* Release */,
			);
			defaultConfigurationIsVisible = 0;
			defaultConfigurationName = Release;
		};
		4D11BEB21AF3C05600469B7B /* Build configuration list for PBXNativeTarget "ConfigurerTests" */ = {
			isa = XCConfigurationList;
			buildConfigurations = (
				4D11BEB31AF3C05600469B7B /* Debug */,
				4D11BEB41AF3C05600469B7B /* Release */,
			);
			defaultConfigurationIsVisible = 0;
			defaultConfigurationName = Release;
		};
/* End XCConfigurationList section */
	};
	rootObject = 4D11BE8D1AF3C05600469B7B /* Project object */;
}
